
Microsoft Visual Studio Solution File, Format Version 12.00
# Visual Studio Version 17
VisualStudioVersion = 17.7.34031.279
MinimumVisualStudioVersion = 10.0.40219.1
Project("{FAE04EC0-301F-11D3-BF4B-00C04F79EFBC}") = "GraphDrawing", "GraphDrawing\GraphDrawing.csproj", "{16E89EF0-14DF-4D28-9AE3-FF4EFA35F3D5}"
EndProject
Global
	GlobalSection(SolutionConfigurationPlatforms) = preSolution
		Debug|Any CPU = Debug|Any CPU
		Release|Any CPU = Release|Any CPU
	EndGlobalSection
	GlobalSection(ProjectConfigurationPlatforms) = postSolution
		{16E89EF0-14DF-4D28-9AE3-FF4EFA35F3D5}.Debug|Any CPU.ActiveCfg = Debug|Any CPU
		{16E89EF0-14DF-4D28-9AE3-FF4EFA35F3D5}.Debug|Any CPU.Build.0 = Debug|Any CPU
		{16E89EF0-14DF-4D28-9AE3-FF4EFA35F3D5}.Release|Any CPU.ActiveCfg = Release|Any CPU
		{16E89EF0-14DF-4D28-9AE3-FF4EFA35F3D5}.Release|Any CPU.Build.0 = Release|Any CPU
	EndGlobalSection
	GlobalSection(SolutionProperties) = preSolution
		HideSolutionNode = FALSE
	EndGlobalSection
	GlobalSection(ExtensibilityGlobals) = postSolution
		SolutionGuid = {04AC3E76-99E4-45A5-8C3C-2BAF4E024575}
	EndGlobalSection
EndGlobal
